{
  "name": "paper-fetch-skill-formula-tools",
  "version": "1.0.0",
  "lockfileVersion": 3,
  "requires": true,
  "packages": {
    "": {
      "name": "paper-fetch-skill-formula-tools",
      "version": "1.0.0",
      "license": "UNLICENSED",
      "dependencies": {
        "katex": "0.17.0",
        "mathml-to-latex": "1.5.0"
      }
    },
    "node_modules/@xmldom/xmldom": {
      "version": "0.8.12",
      "resolved": "https://registry.npmjs.org/@xmldom/xmldom/-/xmldom-0.8.12.tgz",
      "integrity": "sha512-9k/gHF6n/pAi/9tqr3m3aqkuiNosYTurLLUtc7xQ9sxB/wm7WPygCv8GYa6mS0fLJEHhqMC1ATYhz++U/lRHqg==",
      "license": "MIT",
      "engines": {
        "node": ">=10.0.0"
      }
    },
    "node_modules/commander": {
      "version": "8.3.0",
      "resolved": "https://registry.npmjs.org/commander/-/commander-8.3.0.tgz",
      "integrity": "sha512-OkTL9umf+He2DZkUq8f8J9of7yL6RJKI24dVITBmNfZBmri9zYZQrKkuXiKhyfPSu8tUhnVBB1iKXevvnlR4Ww==",
      "license": "MIT",
      "engines": {
        "node": ">= 12"
      }
    },
    "node_modules/katex": {
      "version": "0.17.0",
      "resolved": "https://registry.npmjs.org/katex/-/katex-0.17.0.tgz",
      "integrity": "sha512-Vdw0ATsQ9V+LuegM/BTwQqV/6cTl5lbGcIrU+BCgLxyf6bo38ybOr372tuSIxir3CN720flu1meYR6XzNMwQnw==",
      "funding": [
        "https://opencollective.com/katex",
        "https://github.com/sponsors/katex"
      ],
      "license": "MIT",
      "dependencies": {
        "commander": "^8.3.0"
      },
      "bin": {
        "katex": "cli.js"
      }
    },
    "node_modules/mathml-to-latex": {
      "version": "1.5.0",
      "resolved": "https://registry.npmjs.org/mathml-to-latex/-/mathml-to-latex-1.5.0.tgz",
      "integrity": "sha512-rrWn0eEvcEcdMM4xfHcSGIy+i01DX9byOdXTLWg+w1iJ6O6ohP5UXY1dVzNUZLhzfl3EGcRekWLhY7JT5Omaew==",
      "license": "MIT",
      "dependencies": {
        "@xmldom/xmldom": "^0.8.10"
      }
    }
  }
}
